
Microsoft Visual Studio Solution File, Format Version 12.00
# Visual Studio Version 16
VisualStudioVersion = 16.0.28803.202
MinimumVisualStudioVersion = 10.0.40219.1
Project("{FAE04EC0-301F-11D3-BF4B-00C04F79EFBC}") = "MyFirstProject.Web", "MyFirstProject.Web\MyFirstProject.Web.csproj", "{ACCA2E1A-670E-41A0-BD37-D3D0ACE9BE9D}"
EndProject
Global
	GlobalSection(SolutionConfigurationPlatforms) = preSolution
		Debug|Any CPU = Debug|Any CPU
		Release|Any CPU = Release|Any CPU
	EndGlobalSection
	GlobalSection(ProjectConfigurationPlatforms) = postSolution
		{ACCA2E1A-670E-41A0-BD37-D3D0ACE9BE9D}.Debug|Any CPU.ActiveCfg = Debug|Any CPU
		{ACCA2E1A-670E-41A0-BD37-D3D0ACE9BE9D}.Debug|Any CPU.Build.0 = Debug|Any CPU
		{ACCA2E1A-670E-41A0-BD37-D3D0ACE9BE9D}.Release|Any CPU.ActiveCfg = Release|Any CPU
		{ACCA2E1A-670E-41A0-BD37-D3D0ACE9BE9D}.Release|Any CPU.Build.0 = Release|Any CPU
	EndGlobalSection
	GlobalSection(SolutionProperties) = preSolution
		HideSolutionNode = FALSE
	EndGlobalSection
	GlobalSection(ExtensibilityGlobals) = postSolution
		SolutionGuid = {50CEA228-F871-4245-913E-E2FD0BC10F51}
	EndGlobalSection
EndGlobal
